
Microsoft Visual Studio Solution File, Format Version 11.00
# Visual Studio 2010
# SharpDevelop 4.3
Project("{FAE04EC0-301F-11D3-BF4B-00C04F79EFBC}") = "Tarea_Loguin", "Tarea_Loguin.csproj", "{816E0CB6-532D-4377-8D9A-8E06EEF0954B}"
EndProject
Global
	GlobalSection(SolutionConfigurationPlatforms) = preSolution
		Debug|Any CPU = Debug|Any CPU
		Release|Any CPU = Release|Any CPU
	EndGlobalSection
	GlobalSection(ProjectConfigurationPlatforms) = postSolution
		{816E0CB6-532D-4377-8D9A-8E06EEF0954B}.Debug|Any CPU.Build.0 = Debug|Any CPU
		{816E0CB6-532D-4377-8D9A-8E06EEF0954B}.Debug|Any CPU.ActiveCfg = Debug|Any CPU
		{816E0CB6-532D-4377-8D9A-8E06EEF0954B}.Release|Any CPU.Build.0 = Release|Any CPU
		{816E0CB6-532D-4377-8D9A-8E06EEF0954B}.Release|Any CPU.ActiveCfg = Release|Any CPU
	EndGlobalSection
EndGlobal
